
Microsoft Visual Studio Solution File, Format Version 12.00
Project("{FAE04EC0-301F-11D3-BF4B-00C04F79EFBC}") = "Portfolio.WebUi", "Portfolio.WebUi\Portfolio.WebUi.csproj", "{94CEF16B-B761-427D-88A8-EC8E07B1B3C5}"
EndProject
Project("{FAE04EC0-301F-11D3-BF4B-00C04F79EFBC}") = "Portfolio.DataAccess", "Portfolio.DataAccess\Portfolio.DataAccess.csproj", "{790DA618-0CF0-4CD8-94B3-FE147F51B3F0}"
EndProject
Project("{FAE04EC0-301F-11D3-BF4B-00C04F79EFBC}") = "Portfolio.Domain", "Portfolio.Domain\Portfolio.Domain.csproj", "{95B39C9A-8AE6-4D13-8821-65D95BA0946E}"
EndProject
Project("{FAE04EC0-301F-11D3-BF4B-00C04F79EFBC}") = "Portfolio.Web.Api", "Portfolio.Web.Api\Portfolio.Web.Api.csproj", "{E4EA88FB-61DD-42B0-A82C-B722F5BC6B9F}"
EndProject
Project("{2150E333-8FDC-42A3-9474-1A3956D46DE8}") = "tests", "tests", "{272096BD-EE84-4A4D-A6C5-E37BE47D4C7C}"
EndProject
Project("{FAE04EC0-301F-11D3-BF4B-00C04F79EFBC}") = "Portfolio.Test.Shared", "Portfolio.Test.Shared\Portfolio.Test.Shared.csproj", "{EF1E30EA-1EAC-4E0E-9412-7A3CE8E84908}"
EndProject
Project("{FAE04EC0-301F-11D3-BF4B-00C04F79EFBC}") = "Portfolio.Test.Web.Api", "tests\Portfolio.Test.Web.Api\Portfolio.Test.Web.Api.csproj", "{92FD74EE-5018-4D97-A223-3BADA4E244F9}"
EndProject
Project("{2150E333-8FDC-42A3-9474-1A3956D46DE8}") = "Website", "Website", "{B942EF7B-C9A0-451B-826D-B9A3B70B4E71}"
EndProject
Project("{2150E333-8FDC-42A3-9474-1A3956D46DE8}") = "api", "api", "{6CD27B44-DCBD-49B5-874E-107E19072EA5}"
EndProject
Project("{FAE04EC0-301F-11D3-BF4B-00C04F79EFBC}") = "Portfolio.Grpc", "Portfolio.Grpc\Portfolio.Grpc.csproj", "{E5931356-C895-41C2-A5EE-EF28AE1929AC}"
EndProject
Project("{2150E333-8FDC-42A3-9474-1A3956D46DE8}") = "Solution Items", "Solution Items", "{9ED2A1D9-8316-4C0A-998B-340B46C38C18}"
	ProjectSection(SolutionItems) = preProject
		compose.yml = compose.yml
	EndProjectSection
EndProject
Project("{2150E333-8FDC-42A3-9474-1A3956D46DE8}") = "src", "src", "{92834DD4-B928-4848-915C-4363AAAC784B}"
EndProject
Project("{FAE04EC0-301F-11D3-BF4B-00C04F79EFBC}") = "Portfolio.Ui", "Portfolio.Ui\Portfolio.Ui.csproj", "{F768DF0D-0FC6-4D05-AB0B-1C00DB970F74}"
EndProject
Project("{FAE04EC0-301F-11D3-BF4B-00C04F79EFBC}") = "Portfolio.Infrastructure", "Portfolio.Infrastructure\Portfolio.Infrastructure.csproj", "{DB88BE8E-7FC2-454B-AE8C-8F3AA14B207B}"
EndProject
Global
	GlobalSection(SolutionConfigurationPlatforms) = preSolution
		Debug|Any CPU = Debug|Any CPU
		Release|Any CPU = Release|Any CPU
	EndGlobalSection
	GlobalSection(ProjectConfigurationPlatforms) = postSolution
		{94CEF16B-B761-427D-88A8-EC8E07B1B3C5}.Debug|Any CPU.ActiveCfg = Debug|Any CPU
		{94CEF16B-B761-427D-88A8-EC8E07B1B3C5}.Debug|Any CPU.Build.0 = Debug|Any CPU
		{94CEF16B-B761-427D-88A8-EC8E07B1B3C5}.Release|Any CPU.ActiveCfg = Release|Any CPU
		{94CEF16B-B761-427D-88A8-EC8E07B1B3C5}.Release|Any CPU.Build.0 = Release|Any CPU
		{790DA618-0CF0-4CD8-94B3-FE147F51B3F0}.Debug|Any CPU.ActiveCfg = Debug|Any CPU
		{790DA618-0CF0-4CD8-94B3-FE147F51B3F0}.Debug|Any CPU.Build.0 = Debug|Any CPU
		{790DA618-0CF0-4CD8-94B3-FE147F51B3F0}.Release|Any CPU.ActiveCfg = Release|Any CPU
		{790DA618-0CF0-4CD8-94B3-FE147F51B3F0}.Release|Any CPU.Build.0 = Release|Any CPU
		{95B39C9A-8AE6-4D13-8821-65D95BA0946E}.Debug|Any CPU.ActiveCfg = Debug|Any CPU
		{95B39C9A-8AE6-4D13-8821-65D95BA0946E}.Debug|Any CPU.Build.0 = Debug|Any CPU
		{95B39C9A-8AE6-4D13-8821-65D95BA0946E}.Release|Any CPU.ActiveCfg = Release|Any CPU
		{95B39C9A-8AE6-4D13-8821-65D95BA0946E}.Release|Any CPU.Build.0 = Release|Any CPU
		{E4EA88FB-61DD-42B0-A82C-B722F5BC6B9F}.Debug|Any CPU.ActiveCfg = Debug|Any CPU
		{E4EA88FB-61DD-42B0-A82C-B722F5BC6B9F}.Debug|Any CPU.Build.0 = Debug|Any CPU
		{E4EA88FB-61DD-42B0-A82C-B722F5BC6B9F}.Release|Any CPU.ActiveCfg = Release|Any CPU
		{E4EA88FB-61DD-42B0-A82C-B722F5BC6B9F}.Release|Any CPU.Build.0 = Release|Any CPU
		{EF1E30EA-1EAC-4E0E-9412-7A3CE8E84908}.Debug|Any CPU.ActiveCfg = Debug|Any CPU
		{EF1E30EA-1EAC-4E0E-9412-7A3CE8E84908}.Debug|Any CPU.Build.0 = Debug|Any CPU
		{EF1E30EA-1EAC-4E0E-9412-7A3CE8E84908}.Release|Any CPU.ActiveCfg = Release|Any CPU
		{EF1E30EA-1EAC-4E0E-9412-7A3CE8E84908}.Release|Any CPU.Build.0 = Release|Any CPU
		{92FD74EE-5018-4D97-A223-3BADA4E244F9}.Debug|Any CPU.ActiveCfg = Debug|Any CPU
		{92FD74EE-5018-4D97-A223-3BADA4E244F9}.Debug|Any CPU.Build.0 = Debug|Any CPU
		{92FD74EE-5018-4D97-A223-3BADA4E244F9}.Release|Any CPU.ActiveCfg = Release|Any CPU
		{92FD74EE-5018-4D97-A223-3BADA4E244F9}.Release|Any CPU.Build.0 = Release|Any CPU
		{E5931356-C895-41C2-A5EE-EF28AE1929AC}.Debug|Any CPU.ActiveCfg = Debug|Any CPU
		{E5931356-C895-41C2-A5EE-EF28AE1929AC}.Debug|Any CPU.Build.0 = Debug|Any CPU
		{E5931356-C895-41C2-A5EE-EF28AE1929AC}.Release|Any CPU.ActiveCfg = Release|Any CPU
		{E5931356-C895-41C2-A5EE-EF28AE1929AC}.Release|Any CPU.Build.0 = Release|Any CPU
		{F768DF0D-0FC6-4D05-AB0B-1C00DB970F74}.Debug|Any CPU.ActiveCfg = Debug|Any CPU
		{F768DF0D-0FC6-4D05-AB0B-1C00DB970F74}.Debug|Any CPU.Build.0 = Debug|Any CPU
		{F768DF0D-0FC6-4D05-AB0B-1C00DB970F74}.Release|Any CPU.ActiveCfg = Release|Any CPU
		{F768DF0D-0FC6-4D05-AB0B-1C00DB970F74}.Release|Any CPU.Build.0 = Release|Any CPU
		{DB88BE8E-7FC2-454B-AE8C-8F3AA14B207B}.Debug|Any CPU.ActiveCfg = Debug|Any CPU
		{DB88BE8E-7FC2-454B-AE8C-8F3AA14B207B}.Debug|Any CPU.Build.0 = Debug|Any CPU
		{DB88BE8E-7FC2-454B-AE8C-8F3AA14B207B}.Release|Any CPU.ActiveCfg = Release|Any CPU
		{DB88BE8E-7FC2-454B-AE8C-8F3AA14B207B}.Release|Any CPU.Build.0 = Release|Any CPU
	EndGlobalSection
	GlobalSection(NestedProjects) = preSolution
		{EF1E30EA-1EAC-4E0E-9412-7A3CE8E84908} = {272096BD-EE84-4A4D-A6C5-E37BE47D4C7C}
		{92FD74EE-5018-4D97-A223-3BADA4E244F9} = {272096BD-EE84-4A4D-A6C5-E37BE47D4C7C}
		{790DA618-0CF0-4CD8-94B3-FE147F51B3F0} = {B942EF7B-C9A0-451B-826D-B9A3B70B4E71}
		{94CEF16B-B761-427D-88A8-EC8E07B1B3C5} = {B942EF7B-C9A0-451B-826D-B9A3B70B4E71}
		{E4EA88FB-61DD-42B0-A82C-B722F5BC6B9F} = {6CD27B44-DCBD-49B5-874E-107E19072EA5}
		{E5931356-C895-41C2-A5EE-EF28AE1929AC} = {92834DD4-B928-4848-915C-4363AAAC784B}
		{F768DF0D-0FC6-4D05-AB0B-1C00DB970F74} = {92834DD4-B928-4848-915C-4363AAAC784B}
		{95B39C9A-8AE6-4D13-8821-65D95BA0946E} = {92834DD4-B928-4848-915C-4363AAAC784B}
		{DB88BE8E-7FC2-454B-AE8C-8F3AA14B207B} = {92834DD4-B928-4848-915C-4363AAAC784B}
	EndGlobalSection
EndGlobal
